{
  "name": "@pseinfo/database-schema",
  "version": "0.1.1",
  "lockfileVersion": 3,
  "requires": true,
  "packages": {
    "": {
      "name": "@pseinfo/database-schema",
      "version": "0.1.1",
      "license": "MIT",
      "dependencies": {
        "devtypes": "^1.0.1"
      }
    },
    "node_modules/devtypes": {
      "version": "1.0.2",
      "resolved": "https://registry.npmjs.org/devtypes/-/devtypes-1.0.2.tgz",
      "integrity": "sha512-KHQ3wquyfcYAntOuLJmGO5IBdto029IP4EMKuWgD1wI6M+3s3ic5jOxemZCtu3vmYEDKzvDYvkRwlTgokcgOfg==",
      "license": "MIT",
      "engines": {
        "node": ">=18.0.0"
      }
    }
  }
}
